<?xml version="1.0" encoding="utf-8"?>
<Project ToolsVersion="4.0" xmlns="http://schemas.microsoft.com/developer/msbuild/2003">
  <ItemGroup>
    <Filter Include="source">
      <UniqueIdentifier>{1ab673be-6dcd-4556-844a-aa7f186bd72c}</UniqueIdentifier>
    </Filter>
    <Filter Include="source\common">
      <UniqueIdentifier>{3d3a7a2b-6420-47ed-b5cf-fefdda754873}</UniqueIdentifier>
    </Filter>
  </ItemGroup>
  <ItemGroup>
    <ClCompile Include="source\main.cpp">
      <Filter>source</Filter>
    </ClCompile>
    <ClCompile Include="..\..\common\source\romfs.cpp">
      <Filter>source\common</Filter>
    </ClCompile>
  </ItemGroup>
  <ItemGroup>
    <ClInclude Include="..\..\common\source\common.h">
      <Filter>source\common</Filter>
    </ClInclude>
    <ClInclude Include="..\..\common\source\romfs.h">
      <Filter>source\common</Filter>
    </ClInclude>
  </ItemGroup>
</Project>